// !$*UTF8*$!
{
	archiveVersion = 1;
	classes = {
	};
	objectVersion = 46;
	objects = {

/* Begin PBXBuildFile section */
		1E2D6BE51EBF0B5F00B886F4 /* AppDelegate.swift in Sources */ = {isa = PBXBuildFile; fileRef = 1E2D6BE41EBF0B5F00B886F4 /* AppDelegate.swift */; };
		1E2D6BE71EBF0B5F00B886F4 /* ViewController.swift in Sources */ = {isa = PBXBuildFile; fileRef = 1E2D6BE61EBF0B5F00B886F4 /* ViewController.swift */; };
		1E2D6BEA1EBF0B5F00B886F4 /* Main.storyboard in Resources */ = {isa = PBXBuildFile; fileRef = 1E2D6BE81EBF0B5F00B886F4 /* Main.storyboard */; };
		1E2D6BEC1EBF0B5F00B886F4 /* Assets.xcassets in Resources */ = {isa = PBXBuildFile; fileRef = 1E2D6BEB1EBF0B5F00B886F4 /* Assets.xcassets */; };
		1E2D6BEF1EBF0B5F00B886F4 /* LaunchScreen.storyboard in Resources */ = {isa = PBXBuildFile; fileRef = 1E2D6BED1EBF0B5F00B886F4 /* LaunchScreen.storyboard */; };
		1E2D6BFA1EBF0B5F00B886F4 /* SampleAppTests.swift in Sources */ = {isa = PBXBuildFile; fileRef = 1E2D6BF91EBF0B5F00B886F4 /* SampleAppTests.swift */; };
		1E2D6C051EBF0B5F00B886F4 /* SampleAppUITests.swift in Sources */ = {isa = PBXBuildFile; fileRef = 1E2D6C041EBF0B5F00B886F4 /* SampleAppUITests.swift */; };
		1E2D6C141EBF104800B886F4 /* Nimble.framework in Frameworks */ = {isa = PBXBuildFile; fileRef = 1E2D6C131EBF104800B886F4 /* Nimble.framework */; };
		1E2D6C161EBF106B00B886F4 /* Quick.framework in Frameworks */ = {isa = PBXBuildFile; fileRef = 1E2D6C151EBF106B00B886F4 /* Quick.framework */; };
		1E2D6C181EBF10C700B886F4 /* Quick.framework in CopyFiles */ = {isa = PBXBuildFile; fileRef = 1E2D6C151EBF106B00B886F4 /* Quick.framework */; settings = {ATTRIBUTES = (CodeSignOnCopy, RemoveHeadersOnCopy, ); }; };
		1E2D6C191EBF10C700B886F4 /* Nimble.framework in CopyFiles */ = {isa = PBXBuildFile; fileRef = 1E2D6C131EBF104800B886F4 /* Nimble.framework */; settings = {ATTRIBUTES = (CodeSignOnCopy, RemoveHeadersOnCopy, ); }; };
		1E2D6C1B1EBF116C00B886F4 /* Vehicle.swift in Sources */ = {isa = PBXBuildFile; fileRef = 1E2D6C1A1EBF116C00B886F4 /* Vehicle.swift */; };
		1E2D6C1D1EBF13CE00B886F4 /* VehicleSpec.swift in Sources */ = {isa = PBXBuildFile; fileRef = 1E2D6C1C1EBF13CE00B886F4 /* VehicleSpec.swift */; };
/* End PBXBuildFile section */

/* Begin PBXContainerItemProxy section */
		1E2D6BF61EBF0B5F00B886F4 /* PBXContainerItemProxy */ = {
			isa = PBXContainerItemProxy;
			containerPortal = 1E2D6BD91EBF0B5F00B886F4 /* Project object */;
			proxyType = 1;
			remoteGlobalIDString = 1E2D6BE01EBF0B5F00B886F4;
			remoteInfo = SampleApp;
		};
		1E2D6C011EBF0B5F00B886F4 /* PBXContainerItemProxy */ = {
			isa = PBXContainerItemProxy;
			containerPortal = 1E2D6BD91EBF0B5F00B886F4 /* Project object */;
			proxyType = 1;
			remoteGlobalIDString = 1E2D6BE01EBF0B5F00B886F4;
			remoteInfo = SampleApp;
		};
/* End PBXContainerItemProxy section */

/* Begin PBXCopyFilesBuildPhase section */
		1E2D6C171EBF10AB00B886F4 /* CopyFiles */ = {
			isa = PBXCopyFilesBuildPhase;
			buildActionMask = 2147483647;
			dstPath = "";
			dstSubfolderSpec = 10;
			files = (
				1E2D6C181EBF10C700B886F4 /* Quick.framework in CopyFiles */,
				1E2D6C191EBF10C700B886F4 /* Nimble.framework in CopyFiles */,
			);
			runOnlyForDeploymentPostprocessing = 0;
		};
/* End PBXCopyFilesBuildPhase section */

/* Begin PBXFileReference section */
		1E2D6BE11EBF0B5F00B886F4 /* SampleApp.app */ = {isa = PBXFileReference; explicitFileType = wrapper.application; includeInIndex = 0; path = SampleApp.app; sourceTree = BUILT_PRODUCTS_DIR; };
		1E2D6BE41EBF0B5F00B886F4 /* AppDelegate.swift */ = {isa = PBXFileReference; lastKnownFileType = sourcecode.swift; path = AppDelegate.swift; sourceTree = "<group>"; };
		1E2D6BE61EBF0B5F00B886F4 /* ViewController.swift */ = {isa = PBXFileReference; lastKnownFileType = sourcecode.swift; path = ViewController.swift; sourceTree = "<group>"; };
		1E2D6BE91EBF0B5F00B886F4 /* Base */ = {isa = PBXFileReference; lastKnownFileType = file.storyboard; name = Base; path = Base.lproj/Main.storyboard; sourceTree = "<group>"; };
		1E2D6BEB1EBF0B5F00B886F4 /* Assets.xcassets */ = {isa = PBXFileReference; lastKnownFileType = folder.assetcatalog; path = Assets.xcassets; sourceTree = "<group>"; };
		1E2D6BEE1EBF0B5F00B886F4 /* Base */ = {isa = PBXFileReference; lastKnownFileType = file.storyboard; name = Base; path = Base.lproj/LaunchScreen.storyboard; sourceTree = "<group>"; };
		1E2D6BF01EBF0B5F00B886F4 /* Info.plist */ = {isa = PBXFileReference; lastKnownFileType = text.plist.xml; path = Info.plist; sourceTree = "<group>"; };
		1E2D6BF51EBF0B5F00B886F4 /* SampleAppTests.xctest */ = {isa = PBXFileReference; explicitFileType = wrapper.cfbundle; includeInIndex = 0; path = SampleAppTests.xctest; sourceTree = BUILT_PRODUCTS_DIR; };
		1E2D6BF91EBF0B5F00B886F4 /* SampleAppTests.swift */ = {isa = PBXFileReference; lastKnownFileType = sourcecode.swift; path = SampleAppTests.swift; sourceTree = "<group>"; };
		1E2D6BFB1EBF0B5F00B886F4 /* Info.plist */ = {isa = PBXFileReference; lastKnownFileType = text.plist.xml; path = Info.plist; sourceTree = "<group>"; };
		1E2D6C001EBF0B5F00B886F4 /* SampleAppUITests.xctest */ = {isa = PBXFileReference; explicitFileType = wrapper.cfbundle; includeInIndex = 0; path = SampleAppUITests.xctest; sourceTree = BUILT_PRODUCTS_DIR; };
		1E2D6C041EBF0B5F00B886F4 /* SampleAppUITests.swift */ = {isa = PBXFileReference; lastKnownFileType = sourcecode.swift; path = SampleAppUITests.swift; sourceTree = "<group>"; };
		1E2D6C061EBF0B5F00B886F4 /* Info.plist */ = {isa = PBXFileReference; lastKnownFileType = text.plist.xml; path = Info.plist; sourceTree = "<group>"; };
		1E2D6C131EBF104800B886F4 /* Nimble.framework */ = {isa = PBXFileReference; lastKnownFileType = wrapper.framework; name = Nimble.framework; path = Carthage/Build/iOS/Nimble.framework; sourceTree = "<group>"; };
		1E2D6C151EBF106B00B886F4 /* Quick.framework */ = {isa = PBXFileReference; lastKnownFileType = wrapper.framework; name = Quick.framework; path = Carthage/Build/iOS/Quick.framework; sourceTree = "<group>"; };
		1E2D6C1A1EBF116C00B886F4 /* Vehicle.swift */ = {isa = PBXFileReference; fileEncoding = 4; lastKnownFileType = sourcecode.swift; path = Vehicle.swift; sourceTree = "<group>"; };
		1E2D6C1C1EBF13CE00B886F4 /* VehicleSpec.swift */ = {isa = PBXFileReference; fileEncoding = 4; lastKnownFileType = sourcecode.swift; path = VehicleSpec.swift; sourceTree = "<group>"; };
/* End PBXFileReference section */

/* Begin PBXFrameworksBuildPhase section */
		1E2D6BDE1EBF0B5F00B886F4 /* Frameworks */ = {
			isa = PBXFrameworksBuildPhase;
			buildActionMask = 2147483647;
			files = (
			);
			runOnlyForDeploymentPostprocessing = 0;
		};
		1E2D6BF21EBF0B5F00B886F4 /* Frameworks */ = {
			isa = PBXFrameworksBuildPhase;
			buildActionMask = 2147483647;
			files = (
				1E2D6C161EBF106B00B886F4 /* Quick.framework in Frameworks */,
				1E2D6C141EBF104800B886F4 /* Nimble.framework in Frameworks */,
			);
			runOnlyForDeploymentPostprocessing = 0;
		};
		1E2D6BFD1EBF0B5F00B886F4 /* Frameworks */ = {
			isa = PBXFrameworksBuildPhase;
			buildActionMask = 2147483647;
			files = (
			);
			runOnlyForDeploymentPostprocessing = 0;
		};
/* End PBXFrameworksBuildPhase section */

/* Begin PBXGroup section */
		1E2D6BD81EBF0B5F00B886F4 = {
			isa = PBXGroup;
			children = (
				1E2D6BE31EBF0B5F00B886F4 /* SampleApp */,
				1E2D6BF81EBF0B5F00B886F4 /* SampleAppTests */,
				1E2D6C031EBF0B5F00B886F4 /* SampleAppUITests */,
				1E2D6BE21EBF0B5F00B886F4 /* Products */,
				1E2D6C121EBF104800B886F4 /* Frameworks */,
			);
			sourceTree = "<group>";
		};
		1E2D6BE21EBF0B5F00B886F4 /* Products */ = {
			isa = PBXGroup;
			children = (
				1E2D6BE11EBF0B5F00B886F4 /* SampleApp.app */,
				1E2D6BF51EBF0B5F00B886F4 /* SampleAppTests.xctest */,
				1E2D6C001EBF0B5F00B886F4 /* SampleAppUITests.xctest */,
			);
			name = Products;
			sourceTree = "<group>";
		};
		1E2D6BE31EBF0B5F00B886F4 /* SampleApp */ = {
			isa = PBXGroup;
			children = (
				1E2D6BE41EBF0B5F00B886F4 /* AppDelegate.swift */,
				1E2D6BE61EBF0B5F00B886F4 /* ViewController.swift */,
				1E2D6BE81EBF0B5F00B886F4 /* Main.storyboard */,
				1E2D6BEB1EBF0B5F00B886F4 /* Assets.xcassets */,
				1E2D6BED1EBF0B5F00B886F4 /* LaunchScreen.storyboard */,
				1E2D6BF01EBF0B5F00B886F4 /* Info.plist */,
				1E2D6C1A1EBF116C00B886F4 /* Vehicle.swift */,
			);
			path = SampleApp;
			sourceTree = "<group>";
		};
		1E2D6BF81EBF0B5F00B886F4 /* SampleAppTests */ = {
			isa = PBXGroup;
			children = (
				1E2D6BF91EBF0B5F00B886F4 /* SampleAppTests.swift */,
				1E2D6BFB1EBF0B5F00B886F4 /* Info.plist */,
				1E2D6C1C1EBF13CE00B886F4 /* VehicleSpec.swift */,
			);
			path = SampleAppTests;
			sourceTree = "<group>";
		};
		1E2D6C031EBF0B5F00B886F4 /* SampleAppUITests */ = {
			isa = PBXGroup;
			children = (
				1E2D6C041EBF0B5F00B886F4 /* SampleAppUITests.swift */,
				1E2D6C061EBF0B5F00B886F4 /* Info.plist */,
			);
			path = SampleAppUITests;
			sourceTree = "<group>";
		};
		1E2D6C121EBF104800B886F4 /* Frameworks */ = {
			isa = PBXGroup;
			children = (
				1E2D6C151EBF106B00B886F4 /* Quick.framework */,
				1E2D6C131EBF104800B886F4 /* Nimble.framework */,
			);
			name = Frameworks;
			sourceTree = "<group>";
		};
/* End PBXGroup section */

/* Begin PBXNativeTarget section */
		1E2D6BE01EBF0B5F00B886F4 /* SampleApp */ = {
			isa = PBXNativeTarget;
			buildConfigurationList = 1E2D6C091EBF0B5F00B886F4 /* Build configuration list for PBXNativeTarget "SampleApp" */;
			buildPhases = (
				1E2D6BDD1EBF0B5F00B886F4 /* Sources */,
				1E2D6BDE1EBF0B5F00B886F4 /* Frameworks */,
				1E2D6BDF1EBF0B5F00B886F4 /* Resources */,
			);
			buildRules = (
			);
			dependencies = (
			);
			name = SampleApp;
			productName = SampleApp;
			productReference = 1E2D6BE11EBF0B5F00B886F4 /* SampleApp.app */;
			productType = "com.apple.product-type.application";
		};
		1E2D6BF41EBF0B5F00B886F4 /* SampleAppTests */ = {
			isa = PBXNativeTarget;
			buildConfigurationList = 1E2D6C0C1EBF0B5F00B886F4 /* Build configuration list for PBXNativeTarget "SampleAppTests" */;
			buildPhases = (
				1E2D6BF11EBF0B5F00B886F4 /* Sources */,
				1E2D6BF21EBF0B5F00B886F4 /* Frameworks */,
				1E2D6BF31EBF0B5F00B886F4 /* Resources */,
				1E2D6C171EBF10AB00B886F4 /* CopyFiles */,
			);
			buildRules = (
			);
			dependencies = (
				1E2D6BF71EBF0B5F00B886F4 /* PBXTargetDependency */,
			);
			name = SampleAppTests;
			productName = SampleAppTests;
			productReference = 1E2D6BF51EBF0B5F00B886F4 /* SampleAppTests.xctest */;
			productType = "com.apple.product-type.bundle.unit-test";
		};
		1E2D6BFF1EBF0B5F00B886F4 /* SampleAppUITests */ = {
			isa = PBXNativeTarget;
			buildConfigurationList = 1E2D6C0F1EBF0B5F00B886F4 /* Build configuration list for PBXNativeTarget "SampleAppUITests" */;
			buildPhases = (
				1E2D6BFC1EBF0B5F00B886F4 /* Sources */,
				1E2D6BFD1EBF0B5F00B886F4 /* Frameworks */,
				1E2D6BFE1EBF0B5F00B886F4 /* Resources */,
			);
			buildRules = (
			);
			dependencies = (
				1E2D6C021EBF0B5F00B886F4 /* PBXTargetDependency */,
			);
			name = SampleAppUITests;
			productName = SampleAppUITests;
			productReference = 1E2D6C001EBF0B5F00B886F4 /* SampleAppUITests.xctest */;
			productType = "com.apple.product-type.bundle.ui-testing";
		};
/* End PBXNativeTarget section */

/* Begin PBXProject section */
		1E2D6BD91EBF0B5F00B886F4 /* Project object */ = {
			isa = PBXProject;
			attributes = {
				LastSwiftUpdateCheck = 0830;
				LastUpgradeCheck = 0830;
				ORGANIZATIONNAME = "伊賀裕展";
				TargetAttributes = {
					1E2D6BE01EBF0B5F00B886F4 = {
						CreatedOnToolsVersion = 8.3.2;
						DevelopmentTeam = Y827F3LXSQ;
						ProvisioningStyle = Automatic;
					};
					1E2D6BF41EBF0B5F00B886F4 = {
						CreatedOnToolsVersion = 8.3.2;
						DevelopmentTeam = Y827F3LXSQ;
						ProvisioningStyle = Automatic;
						TestTargetID = 1E2D6BE01EBF0B5F00B886F4;
					};
					1E2D6BFF1EBF0B5F00B886F4 = {
						CreatedOnToolsVersion = 8.3.2;
						DevelopmentTeam = Y827F3LXSQ;
						ProvisioningStyle = Automatic;
						TestTargetID = 1E2D6BE01EBF0B5F00B886F4;
					};
				};
			};
			buildConfigurationList = 1E2D6BDC1EBF0B5F00B886F4 /* Build configuration list for PBXProject "SampleApp" */;
			compatibilityVersion = "Xcode 3.2";
			developmentRegion = English;
			hasScannedForEncodings = 0;
			knownRegions = (
				en,
				Base,
			);
			mainGroup = 1E2D6BD81EBF0B5F00B886F4;
			productRefGroup = 1E2D6BE21EBF0B5F00B886F4 /* Products */;
			projectDirPath = "";
			projectRoot = "";
			targets = (
				1E2D6BE01EBF0B5F00B886F4 /* SampleApp */,
				1E2D6BF41EBF0B5F00B886F4 /* SampleAppTests */,
				1E2D6BFF1EBF0B5F00B886F4 /* SampleAppUITests */,
			);
		};
/* End PBXProject section */

/* Begin PBXResourcesBuildPhase section */
		1E2D6BDF1EBF0B5F00B886F4 /* Resources */ = {
			isa = PBXResourcesBuildPhase;
			buildActionMask = 2147483647;
			files = (
				1E2D6BEF1EBF0B5F00B886F4 /* LaunchScreen.storyboard in Resources */,
				1E2D6BEC1EBF0B5F00B886F4 /* Assets.xcassets in Resources */,
				1E2D6BEA1EBF0B5F00B886F4 /* Main.storyboard in Resources */,
			);
			runOnlyForDeploymentPostprocessing = 0;
		};
		1E2D6BF31EBF0B5F00B886F4 /* Resources */ = {
			isa = PBXResourcesBuildPhase;
			buildActionMask = 2147483647;
			files = (
			);
			runOnlyForDeploymentPostprocessing = 0;
		};
		1E2D6BFE1EBF0B5F00B886F4 /* Resources */ = {
			isa = PBXResourcesBuildPhase;
			buildActionMask = 2147483647;
			files = (
			);
			runOnlyForDeploymentPostprocessing = 0;
		};
/* End PBXResourcesBuildPhase section */

/* Begin PBXSourcesBuildPhase section */
		1E2D6BDD1EBF0B5F00B886F4 /* Sources */ = {
			isa = PBXSourcesBuildPhase;
			buildActionMask = 2147483647;
			files = (
				1E2D6BE71EBF0B5F00B886F4 /* ViewController.swift in Sources */,
				1E2D6BE51EBF0B5F00B886F4 /* AppDelegate.swift in Sources */,
				1E2D6C1B1EBF116C00B886F4 /* Vehicle.swift in Sources */,
			);
			runOnlyForDeploymentPostprocessing = 0;
		};
		1E2D6BF11EBF0B5F00B886F4 /* Sources */ = {
			isa = PBXSourcesBuildPhase;
			buildActionMask = 2147483647;
			files = (
				1E2D6BFA1EBF0B5F00B886F4 /* SampleAppTests.swift in Sources */,
				1E2D6C1D1EBF13CE00B886F4 /* VehicleSpec.swift in Sources */,
			);
			runOnlyForDeploymentPostprocessing = 0;
		};
		1E2D6BFC1EBF0B5F00B886F4 /* Sources */ = {
			isa = PBXSourcesBuildPhase;
			buildActionMask = 2147483647;
			files = (
				1E2D6C051EBF0B5F00B886F4 /* SampleAppUITests.swift in Sources */,
			);
			runOnlyForDeploymentPostprocessing = 0;
		};
/* End PBXSourcesBuildPhase section */

/* Begin PBXTargetDependency section */
		1E2D6BF71EBF0B5F00B886F4 /* PBXTargetDependency */ = {
			isa = PBXTargetDependency;
			target = 1E2D6BE01EBF0B5F00B886F4 /* SampleApp */;
			targetProxy = 1E2D6BF61EBF0B5F00B886F4 /* PBXContainerItemProxy */;
		};
		1E2D6C021EBF0B5F00B886F4 /* PBXTargetDependency */ = {
			isa = PBXTargetDependency;
			target = 1E2D6BE01EBF0B5F00B886F4 /* SampleApp */;
			targetProxy = 1E2D6C011EBF0B5F00B886F4 /* PBXContainerItemProxy */;
		};
/* End PBXTargetDependency section */

/* Begin PBXVariantGroup section */
		1E2D6BE81EBF0B5F00B886F4 /* Main.storyboard */ = {
			isa = PBXVariantGroup;
			children = (
				1E2D6BE91EBF0B5F00B886F4 /* Base */,
			);
			name = Main.storyboard;
			sourceTree = "<group>";
		};
		1E2D6BED1EBF0B5F00B886F4 /* LaunchScreen.storyboard */ = {
			isa = PBXVariantGroup;
			children = (
				1E2D6BEE1EBF0B5F00B886F4 /* Base */,
			);
			name = LaunchScreen.storyboard;
			sourceTree = "<group>";
		};
/* End PBXVariantGroup section */

/* Begin XCBuildConfiguration section */
		1E2D6C071EBF0B5F00B886F4 /* Debug */ = {
			isa = XCBuildConfiguration;
			buildSettings = {
				ALWAYS_SEARCH_USER_PATHS = NO;
				CLANG_ANALYZER_NONNULL = YES;
				CLANG_ANALYZER_NUMBER_OBJECT_CONVERSION = YES_AGGRESSIVE;
				CLANG_CXX_LANGUAGE_STANDARD = "gnu++0x";
				CLANG_CXX_LIBRARY = "libc++";
				CLANG_ENABLE_MODULES = YES;
				CLANG_ENABLE_OBJC_ARC = YES;
				CLANG_WARN_BOOL_CONVERSION = YES;
				CLANG_WARN_CONSTANT_CONVERSION = YES;
				CLANG_WARN_DIRECT_OBJC_ISA_USAGE = YES_ERROR;
				CLANG_WARN_DOCUMENTATION_COMMENTS = YES;
				CLANG_WARN_EMPTY_BODY = YES;
				CLANG_WARN_ENUM_CONVERSION = YES;
				CLANG_WARN_INFINITE_RECURSION = YES;
				CLANG_WARN_INT_CONVERSION = YES;
				CLANG_WARN_OBJC_ROOT_CLASS = YES_ERROR;
				CLANG_WARN_SUSPICIOUS_MOVE = YES;
				CLANG_WARN_UNREACHABLE_CODE = YES;
				CLANG_WARN__DUPLICATE_METHOD_MATCH = YES;
				"CODE_SIGN_IDENTITY[sdk=iphoneos*]" = "iPhone Developer";
				COPY_PHASE_STRIP = NO;
				DEBUG_INFORMATION_FORMAT = dwarf;
				ENABLE_STRICT_OBJC_MSGSEND = YES;
				ENABLE_TESTABILITY = YES;
				GCC_C_LANGUAGE_STANDARD = gnu99;
				GCC_DYNAMIC_NO_PIC = NO;
				GCC_NO_COMMON_BLOCKS = YES;
				GCC_OPTIMIZATION_LEVEL = 0;
				GCC_PREPROCESSOR_DEFINITIONS = (
					"DEBUG=1",
					"$(inherited)",
				);
				GCC_WARN_64_TO_32_BIT_CONVERSION = YES;
				GCC_WARN_ABOUT_RETURN_TYPE = YES_ERROR;
				GCC_WARN_UNDECLARED_SELECTOR = YES;
				GCC_WARN_UNINITIALIZED_AUTOS = YES_AGGRESSIVE;
				GCC_WARN_UNUSED_FUNCTION = YES;
				GCC_WARN_UNUSED_VARIABLE = YES;
				IPHONEOS_DEPLOYMENT_TARGET = 10.3;
				MTL_ENABLE_DEBUG_INFO = YES;
				ONLY_ACTIVE_ARCH = YES;
				SDKROOT = iphoneos;
				SWIFT_ACTIVE_COMPILATION_CONDITIONS = DEBUG;
				SWIFT_OPTIMIZATION_LEVEL = "-Onone";
			};
			name = Debug;
		};
		1E2D6C081EBF0B5F00B886F4 /* Release */ = {
			isa = XCBuildConfiguration;
			buildSettings = {
				ALWAYS_SEARCH_USER_PATHS = NO;
				CLANG_ANALYZER_NONNULL = YES;
				CLANG_ANALYZER_NUMBER_OBJECT_CONVERSION = YES_AGGRESSIVE;
				CLANG_CXX_LANGUAGE_STANDARD = "gnu++0x";
				CLANG_CXX_LIBRARY = "libc++";
				CLANG_ENABLE_MODULES = YES;
				CLANG_ENABLE_OBJC_ARC = YES;
				CLANG_WARN_BOOL_CONVERSION = YES;
				CLANG_WARN_CONSTANT_CONVERSION = YES;
				CLANG_WARN_DIRECT_OBJC_ISA_USAGE = YES_ERROR;
				CLANG_WARN_DOCUMENTATION_COMMENTS = YES;
				CLANG_WARN_EMPTY_BODY = YES;
				CLANG_WARN_ENUM_CONVERSION = YES;
				CLANG_WARN_INFINITE_RECURSION = YES;
				CLANG_WARN_INT_CONVERSION = YES;
				CLANG_WARN_OBJC_ROOT_CLASS = YES_ERROR;
				CLANG_WARN_SUSPICIOUS_MOVE = YES;
				CLANG_WARN_UNREACHABLE_CODE = YES;
				CLANG_WARN__DUPLICATE_METHOD_MATCH = YES;
				"CODE_SIGN_IDENTITY[sdk=iphoneos*]" = "iPhone Developer";
				COPY_PHASE_STRIP = NO;
				DEBUG_INFORMATION_FORMAT = "dwarf-with-dsym";
				ENABLE_NS_ASSERTIONS = NO;
				ENABLE_STRICT_OBJC_MSGSEND = YES;
				GCC_C_LANGUAGE_STANDARD = gnu99;
				GCC_NO_COMMON_BLOCKS = YES;
				GCC_WARN_64_TO_32_BIT_CONVERSION = YES;
				GCC_WARN_ABOUT_RETURN_TYPE = YES_ERROR;
				GCC_WARN_UNDECLARED_SELECTOR = YES;
				GCC_WARN_UNINITIALIZED_AUTOS = YES_AGGRESSIVE;
				GCC_WARN_UNUSED_FUNCTION = YES;
				GCC_WARN_UNUSED_VARIABLE = YES;
				IPHONEOS_DEPLOYMENT_TARGET = 10.3;
				MTL_ENABLE_DEBUG_INFO = NO;
				SDKROOT = iphoneos;
				SWIFT_OPTIMIZATION_LEVEL = "-Owholemodule";
				VALIDATE_PRODUCT = YES;
			};
			name = Release;
		};
		1E2D6C0A1EBF0B5F00B886F4 /* Debug */ = {
			isa = XCBuildConfiguration;
			buildSettings = {
				ASSETCATALOG_COMPILER_APPICON_NAME = AppIcon;
				DEVELOPMENT_TEAM = Y827F3LXSQ;
				INFOPLIST_FILE = SampleApp/Info.plist;
				LD_RUNPATH_SEARCH_PATHS = "$(inherited) @executable_path/Frameworks";
				PRODUCT_BUNDLE_IDENTIFIER = com.AlgoHI.SampleApp;
				PRODUCT_NAME = "$(TARGET_NAME)";
				SWIFT_VERSION = 3.0;
			};
			name = Debug;
		};
		1E2D6C0B1EBF0B5F00B886F4 /* Release */ = {
			isa = XCBuildConfiguration;
			buildSettings = {
				ASSETCATALOG_COMPILER_APPICON_NAME = AppIcon;
				DEVELOPMENT_TEAM = Y827F3LXSQ;
				INFOPLIST_FILE = SampleApp/Info.plist;
				LD_RUNPATH_SEARCH_PATHS = "$(inherited) @executable_path/Frameworks";
				PRODUCT_BUNDLE_IDENTIFIER = com.AlgoHI.SampleApp;
				PRODUCT_NAME = "$(TARGET_NAME)";
				SWIFT_VERSION = 3.0;
			};
			name = Release;
		};
		1E2D6C0D1EBF0B5F00B886F4 /* Debug */ = {
			isa = XCBuildConfiguration;
			buildSettings = {
				ALWAYS_EMBED_SWIFT_STANDARD_LIBRARIES = YES;
				BUNDLE_LOADER = "$(TEST_HOST)";
				DEVELOPMENT_TEAM = Y827F3LXSQ;
				FRAMEWORK_SEARCH_PATHS = (
					"$(inherited)",
					"$(PROJECT_DIR)/Carthage/Build/iOS",
				);
				INFOPLIST_FILE = SampleAppTests/Info.plist;
				LD_RUNPATH_SEARCH_PATHS = "$(inherited) @executable_path/Frameworks @loader_path/Frameworks";
				PRODUCT_BUNDLE_IDENTIFIER = com.AlgoHI.SampleAppTests;
				PRODUCT_NAME = "$(TARGET_NAME)";
				SWIFT_VERSION = 3.0;
				TEST_HOST = "$(BUILT_PRODUCTS_DIR)/SampleApp.app/SampleApp";
			};
			name = Debug;
		};
		1E2D6C0E1EBF0B5F00B886F4 /* Release */ = {
			isa = XCBuildConfiguration;
			buildSettings = {
				ALWAYS_EMBED_SWIFT_STANDARD_LIBRARIES = YES;
				BUNDLE_LOADER = "$(TEST_HOST)";
				DEVELOPMENT_TEAM = Y827F3LXSQ;
				FRAMEWORK_SEARCH_PATHS = (
					"$(inherited)",
					"$(PROJECT_DIR)/Carthage/Build/iOS",
				);
				INFOPLIST_FILE = SampleAppTests/Info.plist;
				LD_RUNPATH_SEARCH_PATHS = "$(inherited) @executable_path/Frameworks @loader_path/Frameworks";
				PRODUCT_BUNDLE_IDENTIFIER = com.AlgoHI.SampleAppTests;
				PRODUCT_NAME = "$(TARGET_NAME)";
				SWIFT_VERSION = 3.0;
				TEST_HOST = "$(BUILT_PRODUCTS_DIR)/SampleApp.app/SampleApp";
			};
			name = Release;
		};
		1E2D6C101EBF0B5F00B886F4 /* Debug */ = {
			isa = XCBuildConfiguration;
			buildSettings = {
				ALWAYS_EMBED_SWIFT_STANDARD_LIBRARIES = YES;
				DEVELOPMENT_TEAM = Y827F3LXSQ;
				INFOPLIST_FILE = SampleAppUITests/Info.plist;
				LD_RUNPATH_SEARCH_PATHS = "$(inherited) @executable_path/Frameworks @loader_path/Frameworks";
				PRODUCT_BUNDLE_IDENTIFIER = com.AlgoHI.SampleAppUITests;
				PRODUCT_NAME = "$(TARGET_NAME)";
				SWIFT_VERSION = 3.0;
				TEST_TARGET_NAME = SampleApp;
			};
			name = Debug;
		};
		1E2D6C111EBF0B5F00B886F4 /* Release */ = {
			isa = XCBuildConfiguration;
			buildSettings = {
				ALWAYS_EMBED_SWIFT_STANDARD_LIBRARIES = YES;
				DEVELOPMENT_TEAM = Y827F3LXSQ;
				INFOPLIST_FILE = SampleAppUITests/Info.plist;
				LD_RUNPATH_SEARCH_PATHS = "$(inherited) @executable_path/Frameworks @loader_path/Frameworks";
				PRODUCT_BUNDLE_IDENTIFIER = com.AlgoHI.SampleAppUITests;
				PRODUCT_NAME = "$(TARGET_NAME)";
				SWIFT_VERSION = 3.0;
				TEST_TARGET_NAME = SampleApp;
			};
			name = Release;
		};
/* End XCBuildConfiguration section */

/* Begin XCConfigurationList section */
		1E2D6BDC1EBF0B5F00B886F4 /* Build configuration list for PBXProject "SampleApp" */ = {
			isa = XCConfigurationList;
			buildConfigurations = (
				1E2D6C071EBF0B5F00B886F4 /* Debug */,
				1E2D6C081EBF0B5F00B886F4 /* Release */,
			);
			defaultConfigurationIsVisible = 0;
			defaultConfigurationName = Release;
		};
		1E2D6C091EBF0B5F00B886F4 /* Build configuration list for PBXNativeTarget "SampleApp" */ = {
			isa = XCConfigurationList;
			buildConfigurations = (
				1E2D6C0A1EBF0B5F00B886F4 /* Debug */,
				1E2D6C0B1EBF0B5F00B886F4 /* Release */,
			);
			defaultConfigurationIsVisible = 0;
			defaultConfigurationName = Release;
		};
		1E2D6C0C1EBF0B5F00B886F4 /* Build configuration list for PBXNativeTarget "SampleAppTests" */ = {
			isa = XCConfigurationList;
			buildConfigurations = (
				1E2D6C0D1EBF0B5F00B886F4 /* Debug */,
				1E2D6C0E1EBF0B5F00B886F4 /* Release */,
			);
			defaultConfigurationIsVisible = 0;
			defaultConfigurationName = Release;
		};
		1E2D6C0F1EBF0B5F00B886F4 /* Build configuration list for PBXNativeTarget "SampleAppUITests" */ = {
			isa = XCConfigurationList;
			buildConfigurations = (
				1E2D6C101EBF0B5F00B886F4 /* Debug */,
				1E2D6C111EBF0B5F00B886F4 /* Release */,
			);
			defaultConfigurationIsVisible = 0;
			defaultConfigurationName = Release;
		};
/* End XCConfigurationList section */
	};
	rootObject = 1E2D6BD91EBF0B5F00B886F4 /* Project object */;
}
